
Microsoft Visual Studio Solution File, Format Version 12.00
# Visual Studio Version 16
VisualStudioVersion = 16.0.31019.35
MinimumVisualStudioVersion = 10.0.40219.1
Project("{9A19103F-16F7-4668-BE54-9A1E7A4F7556}") = "RabbitMQWeb.ExcelCreate", "..\RabbitMQExamples\RabbitMQ\RabbitMQWeb.ExcelCreate\RabbitMQWeb.ExcelCreate.csproj", "{5C4AF090-50AF-426D-98E3-AABF6DE0F48F}"
EndProject
Project("{2150E333-8FDC-42A3-9474-1A3956D46DE8}") = "Shared", "Shared", "{33FC7A0A-96ED-48AD-A159-66653A7D0C09}"
EndProject
Project("{2150E333-8FDC-42A3-9474-1A3956D46DE8}") = "Workers", "Workers", "{23D1CA12-338E-43AC-976B-ECD96F6F8565}"
EndProject
Project("{9A19103F-16F7-4668-BE54-9A1E7A4F7556}") = "Shared", "..\RabbitMQExamples\RabbitMQ\Shared\Shared.csproj", "{A547F026-CADD-49ED-B45F-7A34A7552E45}"
EndProject
Project("{FAE04EC0-301F-11D3-BF4B-00C04F79EFBC}") = "FileCreateWorkerService", "FileCreateWorkerService\FileCreateWorkerService.csproj", "{5EE84BE1-2FEA-4F4C-B291-97F39C70BF43}"
EndProject
Global
	GlobalSection(SolutionConfigurationPlatforms) = preSolution
		Debug|Any CPU = Debug|Any CPU
		Release|Any CPU = Release|Any CPU
	EndGlobalSection
	GlobalSection(ProjectConfigurationPlatforms) = postSolution
		{5C4AF090-50AF-426D-98E3-AABF6DE0F48F}.Debug|Any CPU.ActiveCfg = Debug|Any CPU
		{5C4AF090-50AF-426D-98E3-AABF6DE0F48F}.Debug|Any CPU.Build.0 = Debug|Any CPU
		{5C4AF090-50AF-426D-98E3-AABF6DE0F48F}.Release|Any CPU.ActiveCfg = Release|Any CPU
		{5C4AF090-50AF-426D-98E3-AABF6DE0F48F}.Release|Any CPU.Build.0 = Release|Any CPU
		{A547F026-CADD-49ED-B45F-7A34A7552E45}.Debug|Any CPU.ActiveCfg = Debug|Any CPU
		{A547F026-CADD-49ED-B45F-7A34A7552E45}.Debug|Any CPU.Build.0 = Debug|Any CPU
		{A547F026-CADD-49ED-B45F-7A34A7552E45}.Release|Any CPU.ActiveCfg = Release|Any CPU
		{A547F026-CADD-49ED-B45F-7A34A7552E45}.Release|Any CPU.Build.0 = Release|Any CPU
		{5EE84BE1-2FEA-4F4C-B291-97F39C70BF43}.Debug|Any CPU.ActiveCfg = Debug|Any CPU
		{5EE84BE1-2FEA-4F4C-B291-97F39C70BF43}.Debug|Any CPU.Build.0 = Debug|Any CPU
		{5EE84BE1-2FEA-4F4C-B291-97F39C70BF43}.Release|Any CPU.ActiveCfg = Release|Any CPU
		{5EE84BE1-2FEA-4F4C-B291-97F39C70BF43}.Release|Any CPU.Build.0 = Release|Any CPU
	EndGlobalSection
	GlobalSection(SolutionProperties) = preSolution
		HideSolutionNode = FALSE
	EndGlobalSection
	GlobalSection(NestedProjects) = preSolution
		{A547F026-CADD-49ED-B45F-7A34A7552E45} = {33FC7A0A-96ED-48AD-A159-66653A7D0C09}
		{5EE84BE1-2FEA-4F4C-B291-97F39C70BF43} = {23D1CA12-338E-43AC-976B-ECD96F6F8565}
	EndGlobalSection
	GlobalSection(ExtensibilityGlobals) = postSolution
		SolutionGuid = {2E3AF9AB-FFA3-4A4F-AA54-F45DBF15C7AF}
	EndGlobalSection
EndGlobal
